
Microsoft Visual Studio Solution File, Format Version 12.00
# Visual Studio 15
VisualStudioVersion = 15.0.28307.421
MinimumVisualStudioVersion = 10.0.40219.1
Project("{FAE04EC0-301F-11D3-BF4B-00C04F79EFBC}") = "Parking", "Parking\Parking.csproj", "{6174F943-CE0B-458B-BD77-EED848D6076A}"
EndProject
Global
	GlobalSection(SolutionConfigurationPlatforms) = preSolution
		Debug|Any CPU = Debug|Any CPU
		Release|Any CPU = Release|Any CPU
	EndGlobalSection
	GlobalSection(ProjectConfigurationPlatforms) = postSolution
		{6174F943-CE0B-458B-BD77-EED848D6076A}.Debug|Any CPU.ActiveCfg = Debug|Any CPU
		{6174F943-CE0B-458B-BD77-EED848D6076A}.Debug|Any CPU.Build.0 = Debug|Any CPU
		{6174F943-CE0B-458B-BD77-EED848D6076A}.Release|Any CPU.ActiveCfg = Release|Any CPU
		{6174F943-CE0B-458B-BD77-EED848D6076A}.Release|Any CPU.Build.0 = Release|Any CPU
	EndGlobalSection
	GlobalSection(SolutionProperties) = preSolution
		HideSolutionNode = FALSE
	EndGlobalSection
	GlobalSection(ExtensibilityGlobals) = postSolution
		SolutionGuid = {41BCFD08-BADE-460E-8214-A918D3B5DDA4}
	EndGlobalSection
EndGlobal
